// !$*UTF8*$!
{
	archiveVersion = 1;
	classes = {
	};
	objectVersion = 51;
	objects = {

/* Begin PBXBuildFile section */
		6C7B6BA2264ABA02002BB7A9 /* AppDelegate.swift in Sources */ = {isa = PBXBuildFile; fileRef = 6C7B6BA1264ABA02002BB7A9 /* AppDelegate.swift */; };
		6C7B6BA4264ABA02002BB7A9 /* SceneDelegate.swift in Sources */ = {isa = PBXBuildFile; fileRef = 6C7B6BA3264ABA02002BB7A9 /* SceneDelegate.swift */; };
		6C7B6BA9264ABA02002BB7A9 /* Main.storyboard in Resources */ = {isa = PBXBuildFile; fileRef = 6C7B6BA7264ABA02002BB7A9 /* Main.storyboard */; };
		6C7B6BAB264ABA03002BB7A9 /* Assets.xcassets in Resources */ = {isa = PBXBuildFile; fileRef = 6C7B6BAA264ABA03002BB7A9 /* Assets.xcassets */; };
		6C7B6BAE264ABA03002BB7A9 /* LaunchScreen.storyboard in Resources */ = {isa = PBXBuildFile; fileRef = 6C7B6BAC264ABA03002BB7A9 /* LaunchScreen.storyboard */; };
		6C7B6BB9264ABA25002BB7A9 /* ViewController.swift in Sources */ = {isa = PBXBuildFile; fileRef = 6C7B6BB7264ABA25002BB7A9 /* ViewController.swift */; };
		6C7B6BBA264ABA25002BB7A9 /* DetailViewController.swift in Sources */ = {isa = PBXBuildFile; fileRef = 6C7B6BB8264ABA25002BB7A9 /* DetailViewController.swift */; };
		6C7B6BBF264ABA43002BB7A9 /* ServerHelper.swift in Sources */ = {isa = PBXBuildFile; fileRef = 6C7B6BBD264ABA43002BB7A9 /* ServerHelper.swift */; };
		6C7B6BC0264ABA43002BB7A9 /* Extensions.swift in Sources */ = {isa = PBXBuildFile; fileRef = 6C7B6BBE264ABA43002BB7A9 /* Extensions.swift */; };
		6C7B6BC8264ABA55002BB7A9 /* Event.swift in Sources */ = {isa = PBXBuildFile; fileRef = 6C7B6BC3264ABA55002BB7A9 /* Event.swift */; };
		6C7B6BC9264ABA55002BB7A9 /* DetailTableViewCell.swift in Sources */ = {isa = PBXBuildFile; fileRef = 6C7B6BC5264ABA55002BB7A9 /* DetailTableViewCell.swift */; };
		6C7B6BCA264ABA55002BB7A9 /* ListTableViewCell.swift in Sources */ = {isa = PBXBuildFile; fileRef = 6C7B6BC6264ABA55002BB7A9 /* ListTableViewCell.swift */; };
		6C7B6BCB264ABA55002BB7A9 /* ListTableViewCell.xib in Resources */ = {isa = PBXBuildFile; fileRef = 6C7B6BC7264ABA55002BB7A9 /* ListTableViewCell.xib */; };
		AC30347A80533E32B55BF69C /* Pods_IDC.framework in Frameworks */ = {isa = PBXBuildFile; fileRef = 00DAC2315A3A8777D9FB891C /* Pods_IDC.framework */; };
/* End PBXBuildFile section */

/* Begin PBXFileReference section */
		00DAC2315A3A8777D9FB891C /* Pods_IDC.framework */ = {isa = PBXFileReference; explicitFileType = wrapper.framework; includeInIndex = 0; path = Pods_IDC.framework; sourceTree = BUILT_PRODUCTS_DIR; };
		04C6C3E805699F8E1476820B /* Pods-IDC.release.xcconfig */ = {isa = PBXFileReference; includeInIndex = 1; lastKnownFileType = text.xcconfig; name = "Pods-IDC.release.xcconfig"; path = "Target Support Files/Pods-IDC/Pods-IDC.release.xcconfig"; sourceTree = "<group>"; };
		6C7B6B9E264ABA02002BB7A9 /* IDC.app */ = {isa = PBXFileReference; explicitFileType = wrapper.application; includeInIndex = 0; path = IDC.app; sourceTree = BUILT_PRODUCTS_DIR; };
		6C7B6BA1264ABA02002BB7A9 /* AppDelegate.swift */ = {isa = PBXFileReference; lastKnownFileType = sourcecode.swift; path = AppDelegate.swift; sourceTree = "<group>"; };
		6C7B6BA3264ABA02002BB7A9 /* SceneDelegate.swift */ = {isa = PBXFileReference; lastKnownFileType = sourcecode.swift; path = SceneDelegate.swift; sourceTree = "<group>"; };
		6C7B6BA8264ABA02002BB7A9 /* Base */ = {isa = PBXFileReference; lastKnownFileType = file.storyboard; name = Base; path = Base.lproj/Main.storyboard; sourceTree = "<group>"; };
		6C7B6BAA264ABA03002BB7A9 /* Assets.xcassets */ = {isa = PBXFileReference; lastKnownFileType = folder.assetcatalog; path = Assets.xcassets; sourceTree = "<group>"; };
		6C7B6BAD264ABA03002BB7A9 /* Base */ = {isa = PBXFileReference; lastKnownFileType = file.storyboard; name = Base; path = Base.lproj/LaunchScreen.storyboard; sourceTree = "<group>"; };
		6C7B6BAF264ABA03002BB7A9 /* Info.plist */ = {isa = PBXFileReference; lastKnownFileType = text.plist.xml; path = Info.plist; sourceTree = "<group>"; };
		6C7B6BB7264ABA25002BB7A9 /* ViewController.swift */ = {isa = PBXFileReference; fileEncoding = 4; lastKnownFileType = sourcecode.swift; path = ViewController.swift; sourceTree = "<group>"; };
		6C7B6BB8264ABA25002BB7A9 /* DetailViewController.swift */ = {isa = PBXFileReference; fileEncoding = 4; lastKnownFileType = sourcecode.swift; path = DetailViewController.swift; sourceTree = "<group>"; };
		6C7B6BBD264ABA43002BB7A9 /* ServerHelper.swift */ = {isa = PBXFileReference; fileEncoding = 4; lastKnownFileType = sourcecode.swift; path = ServerHelper.swift; sourceTree = "<group>"; };
		6C7B6BBE264ABA43002BB7A9 /* Extensions.swift */ = {isa = PBXFileReference; fileEncoding = 4; lastKnownFileType = sourcecode.swift; path = Extensions.swift; sourceTree = "<group>"; };
		6C7B6BC3264ABA55002BB7A9 /* Event.swift */ = {isa = PBXFileReference; fileEncoding = 4; lastKnownFileType = sourcecode.swift; path = Event.swift; sourceTree = "<group>"; };
		6C7B6BC5264ABA55002BB7A9 /* DetailTableViewCell.swift */ = {isa = PBXFileReference; fileEncoding = 4; lastKnownFileType = sourcecode.swift; path = DetailTableViewCell.swift; sourceTree = "<group>"; };
		6C7B6BC6264ABA55002BB7A9 /* ListTableViewCell.swift */ = {isa = PBXFileReference; fileEncoding = 4; lastKnownFileType = sourcecode.swift; path = ListTableViewCell.swift; sourceTree = "<group>"; };
		6C7B6BC7264ABA55002BB7A9 /* ListTableViewCell.xib */ = {isa = PBXFileReference; fileEncoding = 4; lastKnownFileType = file.xib; path = ListTableViewCell.xib; sourceTree = "<group>"; };
		7B0BB5F95D832903E4D9FD8D /* Pods-IDC.debug.xcconfig */ = {isa = PBXFileReference; includeInIndex = 1; lastKnownFileType = text.xcconfig; name = "Pods-IDC.debug.xcconfig"; path = "Target Support Files/Pods-IDC/Pods-IDC.debug.xcconfig"; sourceTree = "<group>"; };
/* End PBXFileReference section */

/* Begin PBXFrameworksBuildPhase section */
		6C7B6B9B264ABA02002BB7A9 /* Frameworks */ = {
			isa = PBXFrameworksBuildPhase;
			buildActionMask = 2147483647;
			files = (
				AC30347A80533E32B55BF69C /* Pods_IDC.framework in Frameworks */,
			);
			runOnlyForDeploymentPostprocessing = 0;
		};
/* End PBXFrameworksBuildPhase section */

/* Begin PBXGroup section */
		6C7B6B95264ABA02002BB7A9 = {
			isa = PBXGroup;
			children = (
				6C7B6BA0264ABA02002BB7A9 /* IDC */,
				6C7B6B9F264ABA02002BB7A9 /* Products */,
				C06684CB39ECE97F5E8F701B /* Pods */,
				6EFF86195BB79D8BA98C69CE /* Frameworks */,
			);
			sourceTree = "<group>";
		};
		6C7B6B9F264ABA02002BB7A9 /* Products */ = {
			isa = PBXGroup;
			children = (
				6C7B6B9E264ABA02002BB7A9 /* IDC.app */,
			);
			name = Products;
			sourceTree = "<group>";
		};
		6C7B6BA0264ABA02002BB7A9 /* IDC */ = {
			isa = PBXGroup;
			children = (
				6C7B6BA1264ABA02002BB7A9 /* AppDelegate.swift */,
				6C7B6BA3264ABA02002BB7A9 /* SceneDelegate.swift */,
				6C7B6BBE264ABA43002BB7A9 /* Extensions.swift */,
				6C7B6BBD264ABA43002BB7A9 /* ServerHelper.swift */,
				6C7B6BC2264ABA55002BB7A9 /* Model */,
				6C7B6BC4264ABA55002BB7A9 /* View */,
				6C7B6BB6264ABA25002BB7A9 /* ViewController */,
				6C7B6BA7264ABA02002BB7A9 /* Main.storyboard */,
				6C7B6BAA264ABA03002BB7A9 /* Assets.xcassets */,
				6C7B6BAC264ABA03002BB7A9 /* LaunchScreen.storyboard */,
				6C7B6BAF264ABA03002BB7A9 /* Info.plist */,
			);
			path = IDC;
			sourceTree = "<group>";
		};
		6C7B6BB6264ABA25002BB7A9 /* ViewController */ = {
			isa = PBXGroup;
			children = (
				6C7B6BB7264ABA25002BB7A9 /* ViewController.swift */,
				6C7B6BB8264ABA25002BB7A9 /* DetailViewController.swift */,
			);
			path = ViewController;
			sourceTree = "<group>";
		};
		6C7B6BC2264ABA55002BB7A9 /* Model */ = {
			isa = PBXGroup;
			children = (
				6C7B6BC3264ABA55002BB7A9 /* Event.swift */,
			);
			path = Model;
			sourceTree = "<group>";
		};
		6C7B6BC4264ABA55002BB7A9 /* View */ = {
			isa = PBXGroup;
			children = (
				6C7B6BC5264ABA55002BB7A9 /* DetailTableViewCell.swift */,
				6C7B6BC6264ABA55002BB7A9 /* ListTableViewCell.swift */,
				6C7B6BC7264ABA55002BB7A9 /* ListTableViewCell.xib */,
			);
			path = View;
			sourceTree = "<group>";
		};
		6EFF86195BB79D8BA98C69CE /* Frameworks */ = {
			isa = PBXGroup;
			children = (
				00DAC2315A3A8777D9FB891C /* Pods_IDC.framework */,
			);
			name = Frameworks;
			sourceTree = "<group>";
		};
		C06684CB39ECE97F5E8F701B /* Pods */ = {
			isa = PBXGroup;
			children = (
				7B0BB5F95D832903E4D9FD8D /* Pods-IDC.debug.xcconfig */,
				04C6C3E805699F8E1476820B /* Pods-IDC.release.xcconfig */,
			);
			path = Pods;
			sourceTree = "<group>";
		};
/* End PBXGroup section */

/* Begin PBXNativeTarget section */
		6C7B6B9D264ABA02002BB7A9 /* IDC */ = {
			isa = PBXNativeTarget;
			buildConfigurationList = 6C7B6BB2264ABA03002BB7A9 /* Build configuration list for PBXNativeTarget "IDC" */;
			buildPhases = (
				30AA65BDB24AD1EE21FACC32 /* [CP] Check Pods Manifest.lock */,
				6C7B6B9A264ABA02002BB7A9 /* Sources */,
				6C7B6B9B264ABA02002BB7A9 /* Frameworks */,
				6C7B6B9C264ABA02002BB7A9 /* Resources */,
				01D616B666385CE01E5202D4 /* [CP] Embed Pods Frameworks */,
			);
			buildRules = (
			);
			dependencies = (
			);
			name = IDC;
			productName = IDC;
			productReference = 6C7B6B9E264ABA02002BB7A9 /* IDC.app */;
			productType = "com.apple.product-type.application";
		};
/* End PBXNativeTarget section */

/* Begin PBXProject section */
		6C7B6B96264ABA02002BB7A9 /* Project object */ = {
			isa = PBXProject;
			attributes = {
				LastSwiftUpdateCheck = 1200;
				LastUpgradeCheck = 1200;
				TargetAttributes = {
					6C7B6B9D264ABA02002BB7A9 = {
						CreatedOnToolsVersion = 12.0;
					};
				};
			};
			buildConfigurationList = 6C7B6B99264ABA02002BB7A9 /* Build configuration list for PBXProject "IDC" */;
			compatibilityVersion = "Xcode 9.3";
			developmentRegion = en;
			hasScannedForEncodings = 0;
			knownRegions = (
				en,
				Base,
			);
			mainGroup = 6C7B6B95264ABA02002BB7A9;
			productRefGroup = 6C7B6B9F264ABA02002BB7A9 /* Products */;
			projectDirPath = "";
			projectRoot = "";
			targets = (
				6C7B6B9D264ABA02002BB7A9 /* IDC */,
			);
		};
/* End PBXProject section */

/* Begin PBXResourcesBuildPhase section */
		6C7B6B9C264ABA02002BB7A9 /* Resources */ = {
			isa = PBXResourcesBuildPhase;
			buildActionMask = 2147483647;
			files = (
				6C7B6BAE264ABA03002BB7A9 /* LaunchScreen.storyboard in Resources */,
				6C7B6BCB264ABA55002BB7A9 /* ListTableViewCell.xib in Resources */,
				6C7B6BAB264ABA03002BB7A9 /* Assets.xcassets in Resources */,
				6C7B6BA9264ABA02002BB7A9 /* Main.storyboard in Resources */,
			);
			runOnlyForDeploymentPostprocessing = 0;
		};
/* End PBXResourcesBuildPhase section */

/* Begin PBXShellScriptBuildPhase section */
		01D616B666385CE01E5202D4 /* [CP] Embed Pods Frameworks */ = {
			isa = PBXShellScriptBuildPhase;
			buildActionMask = 2147483647;
			files = (
			);
			inputFileListPaths = (
				"${PODS_ROOT}/Target Support Files/Pods-IDC/Pods-IDC-frameworks-${CONFIGURATION}-input-files.xcfilelist",
			);
			name = "[CP] Embed Pods Frameworks";
			outputFileListPaths = (
				"${PODS_ROOT}/Target Support Files/Pods-IDC/Pods-IDC-frameworks-${CONFIGURATION}-output-files.xcfilelist",
			);
			runOnlyForDeploymentPostprocessing = 0;
			shellPath = /bin/sh;
			shellScript = "\"${PODS_ROOT}/Target Support Files/Pods-IDC/Pods-IDC-frameworks.sh\"\n";
			showEnvVarsInLog = 0;
		};
		30AA65BDB24AD1EE21FACC32 /* [CP] Check Pods Manifest.lock */ = {
			isa = PBXShellScriptBuildPhase;
			buildActionMask = 2147483647;
			files = (
			);
			inputFileListPaths = (
			);
			inputPaths = (
				"${PODS_PODFILE_DIR_PATH}/Podfile.lock",
				"${PODS_ROOT}/Manifest.lock",
			);
			name = "[CP] Check Pods Manifest.lock";
			outputFileListPaths = (
			);
			outputPaths = (
				"$(DERIVED_FILE_DIR)/Pods-IDC-checkManifestLockResult.txt",
			);
			runOnlyForDeploymentPostprocessing = 0;
			shellPath = /bin/sh;
			shellScript = "diff \"${PODS_PODFILE_DIR_PATH}/Podfile.lock\" \"${PODS_ROOT}/Manifest.lock\" > /dev/null\nif [ $? != 0 ] ; then\n    # print error to STDERR\n    echo \"error: The sandbox is not in sync with the Podfile.lock. Run 'pod install' or update your CocoaPods installation.\" >&2\n    exit 1\nfi\n# This output is used by Xcode 'outputs' to avoid re-running this script phase.\necho \"SUCCESS\" > \"${SCRIPT_OUTPUT_FILE_0}\"\n";
			showEnvVarsInLog = 0;
		};
/* End PBXShellScriptBuildPhase section */

/* Begin PBXSourcesBuildPhase section */
		6C7B6B9A264ABA02002BB7A9 /* Sources */ = {
			isa = PBXSourcesBuildPhase;
			buildActionMask = 2147483647;
			files = (
				6C7B6BBF264ABA43002BB7A9 /* ServerHelper.swift in Sources */,
				6C7B6BA2264ABA02002BB7A9 /* AppDelegate.swift in Sources */,
				6C7B6BC9264ABA55002BB7A9 /* DetailTableViewCell.swift in Sources */,
				6C7B6BBA264ABA25002BB7A9 /* DetailViewController.swift in Sources */,
				6C7B6BC0264ABA43002BB7A9 /* Extensions.swift in Sources */,
				6C7B6BCA264ABA55002BB7A9 /* ListTableViewCell.swift in Sources */,
				6C7B6BB9264ABA25002BB7A9 /* ViewController.swift in Sources */,
				6C7B6BC8264ABA55002BB7A9 /* Event.swift in Sources */,
				6C7B6BA4264ABA02002BB7A9 /* SceneDelegate.swift in Sources */,
			);
			runOnlyForDeploymentPostprocessing = 0;
		};
/* End PBXSourcesBuildPhase section */

/* Begin PBXVariantGroup section */
		6C7B6BA7264ABA02002BB7A9 /* Main.storyboard */ = {
			isa = PBXVariantGroup;
			children = (
				6C7B6BA8264ABA02002BB7A9 /* Base */,
			);
			name = Main.storyboard;
			sourceTree = "<group>";
		};
		6C7B6BAC264ABA03002BB7A9 /* LaunchScreen.storyboard */ = {
			isa = PBXVariantGroup;
			children = (
				6C7B6BAD264ABA03002BB7A9 /* Base */,
			);
			name = LaunchScreen.storyboard;
			sourceTree = "<group>";
		};
/* End PBXVariantGroup section */

/* Begin XCBuildConfiguration section */
		6C7B6BB0264ABA03002BB7A9 /* Debug */ = {
			isa = XCBuildConfiguration;
			buildSettings = {
				ALWAYS_SEARCH_USER_PATHS = NO;
				CLANG_ANALYZER_NONNULL = YES;
				CLANG_ANALYZER_NUMBER_OBJECT_CONVERSION = YES_AGGRESSIVE;
				CLANG_CXX_LANGUAGE_STANDARD = "gnu++14";
				CLANG_CXX_LIBRARY = "libc++";
				CLANG_ENABLE_MODULES = YES;
				CLANG_ENABLE_OBJC_ARC = YES;
				CLANG_ENABLE_OBJC_WEAK = YES;
				CLANG_WARN_BLOCK_CAPTURE_AUTORELEASING = YES;
				CLANG_WARN_BOOL_CONVERSION = YES;
				CLANG_WARN_COMMA = YES;
				CLANG_WARN_CONSTANT_CONVERSION = YES;
				CLANG_WARN_DEPRECATED_OBJC_IMPLEMENTATIONS = YES;
				CLANG_WARN_DIRECT_OBJC_ISA_USAGE = YES_ERROR;
				CLANG_WARN_DOCUMENTATION_COMMENTS = YES;
				CLANG_WARN_EMPTY_BODY = YES;
				CLANG_WARN_ENUM_CONVERSION = YES;
				CLANG_WARN_INFINITE_RECURSION = YES;
				CLANG_WARN_INT_CONVERSION = YES;
				CLANG_WARN_NON_LITERAL_NULL_CONVERSION = YES;
				CLANG_WARN_OBJC_IMPLICIT_RETAIN_SELF = YES;
				CLANG_WARN_OBJC_LITERAL_CONVERSION = YES;
				CLANG_WARN_OBJC_ROOT_CLASS = YES_ERROR;
				CLANG_WARN_QUOTED_INCLUDE_IN_FRAMEWORK_HEADER = YES;
				CLANG_WARN_RANGE_LOOP_ANALYSIS = YES;
				CLANG_WARN_STRICT_PROTOTYPES = YES;
				CLANG_WARN_SUSPICIOUS_MOVE = YES;
				CLANG_WARN_UNGUARDED_AVAILABILITY = YES_AGGRESSIVE;
				CLANG_WARN_UNREACHABLE_CODE = YES;
				CLANG_WARN__DUPLICATE_METHOD_MATCH = YES;
				COPY_PHASE_STRIP = NO;
				DEBUG_INFORMATION_FORMAT = dwarf;
				ENABLE_STRICT_OBJC_MSGSEND = YES;
				ENABLE_TESTABILITY = YES;
				GCC_C_LANGUAGE_STANDARD = gnu11;
				GCC_DYNAMIC_NO_PIC = NO;
				GCC_NO_COMMON_BLOCKS = YES;
				GCC_OPTIMIZATION_LEVEL = 0;
				GCC_PREPROCESSOR_DEFINITIONS = (
					"DEBUG=1",
					"$(inherited)",
				);
				GCC_WARN_64_TO_32_BIT_CONVERSION = YES;
				GCC_WARN_ABOUT_RETURN_TYPE = YES_ERROR;
				GCC_WARN_UNDECLARED_SELECTOR = YES;
				GCC_WARN_UNINITIALIZED_AUTOS = YES_AGGRESSIVE;
				GCC_WARN_UNUSED_FUNCTION = YES;
				GCC_WARN_UNUSED_VARIABLE = YES;
				IPHONEOS_DEPLOYMENT_TARGET = 14.0;
				MTL_ENABLE_DEBUG_INFO = INCLUDE_SOURCE;
				MTL_FAST_MATH = YES;
				ONLY_ACTIVE_ARCH = YES;
				SDKROOT = iphoneos;
				SWIFT_ACTIVE_COMPILATION_CONDITIONS = DEBUG;
				SWIFT_OPTIMIZATION_LEVEL = "-Onone";
			};
			name = Debug;
		};
		6C7B6BB1264ABA03002BB7A9 /* Release */ = {
			isa = XCBuildConfiguration;
			buildSettings = {
				ALWAYS_SEARCH_USER_PATHS = NO;
				CLANG_ANALYZER_NONNULL = YES;
				CLANG_ANALYZER_NUMBER_OBJECT_CONVERSION = YES_AGGRESSIVE;
				CLANG_CXX_LANGUAGE_STANDARD = "gnu++14";
				CLANG_CXX_LIBRARY = "libc++";
				CLANG_ENABLE_MODULES = YES;
				CLANG_ENABLE_OBJC_ARC = YES;
				CLANG_ENABLE_OBJC_WEAK = YES;
				CLANG_WARN_BLOCK_CAPTURE_AUTORELEASING = YES;
				CLANG_WARN_BOOL_CONVERSION = YES;
				CLANG_WARN_COMMA = YES;
				CLANG_WARN_CONSTANT_CONVERSION = YES;
				CLANG_WARN_DEPRECATED_OBJC_IMPLEMENTATIONS = YES;
				CLANG_WARN_DIRECT_OBJC_ISA_USAGE = YES_ERROR;
				CLANG_WARN_DOCUMENTATION_COMMENTS = YES;
				CLANG_WARN_EMPTY_BODY = YES;
				CLANG_WARN_ENUM_CONVERSION = YES;
				CLANG_WARN_INFINITE_RECURSION = YES;
				CLANG_WARN_INT_CONVERSION = YES;
				CLANG_WARN_NON_LITERAL_NULL_CONVERSION = YES;
				CLANG_WARN_OBJC_IMPLICIT_RETAIN_SELF = YES;
				CLANG_WARN_OBJC_LITERAL_CONVERSION = YES;
				CLANG_WARN_OBJC_ROOT_CLASS = YES_ERROR;
				CLANG_WARN_QUOTED_INCLUDE_IN_FRAMEWORK_HEADER = YES;
				CLANG_WARN_RANGE_LOOP_ANALYSIS = YES;
				CLANG_WARN_STRICT_PROTOTYPES = YES;
				CLANG_WARN_SUSPICIOUS_MOVE = YES;
				CLANG_WARN_UNGUARDED_AVAILABILITY = YES_AGGRESSIVE;
				CLANG_WARN_UNREACHABLE_CODE = YES;
				CLANG_WARN__DUPLICATE_METHOD_MATCH = YES;
				COPY_PHASE_STRIP = NO;
				DEBUG_INFORMATION_FORMAT = "dwarf-with-dsym";
				ENABLE_NS_ASSERTIONS = NO;
				ENABLE_STRICT_OBJC_MSGSEND = YES;
				GCC_C_LANGUAGE_STANDARD = gnu11;
				GCC_NO_COMMON_BLOCKS = YES;
				GCC_WARN_64_TO_32_BIT_CONVERSION = YES;
				GCC_WARN_ABOUT_RETURN_TYPE = YES_ERROR;
				GCC_WARN_UNDECLARED_SELECTOR = YES;
				GCC_WARN_UNINITIALIZED_AUTOS = YES_AGGRESSIVE;
				GCC_WARN_UNUSED_FUNCTION = YES;
				GCC_WARN_UNUSED_VARIABLE = YES;
				IPHONEOS_DEPLOYMENT_TARGET = 14.0;
				MTL_ENABLE_DEBUG_INFO = NO;
				MTL_FAST_MATH = YES;
				SDKROOT = iphoneos;
				SWIFT_COMPILATION_MODE = wholemodule;
				SWIFT_OPTIMIZATION_LEVEL = "-O";
				VALIDATE_PRODUCT = YES;
			};
			name = Release;
		};
		6C7B6BB3264ABA03002BB7A9 /* Debug */ = {
			isa = XCBuildConfiguration;
			baseConfigurationReference = 7B0BB5F95D832903E4D9FD8D /* Pods-IDC.debug.xcconfig */;
			buildSettings = {
				ASSETCATALOG_COMPILER_APPICON_NAME = AppIcon;
				ASSETCATALOG_COMPILER_GLOBAL_ACCENT_COLOR_NAME = AccentColor;
				CODE_SIGN_STYLE = Automatic;
				INFOPLIST_FILE = IDC/Info.plist;
				LD_RUNPATH_SEARCH_PATHS = (
					"$(inherited)",
					"@executable_path/Frameworks",
				);
				PRODUCT_BUNDLE_IDENTIFIER = com.IDC.IDC;
				PRODUCT_NAME = "$(TARGET_NAME)";
				SWIFT_VERSION = 5.0;
				TARGETED_DEVICE_FAMILY = "1,2";
			};
			name = Debug;
		};
		6C7B6BB4264ABA03002BB7A9 /* Release */ = {
			isa = XCBuildConfiguration;
			baseConfigurationReference = 04C6C3E805699F8E1476820B /* Pods-IDC.release.xcconfig */;
			buildSettings = {
				ASSETCATALOG_COMPILER_APPICON_NAME = AppIcon;
				ASSETCATALOG_COMPILER_GLOBAL_ACCENT_COLOR_NAME = AccentColor;
				CODE_SIGN_STYLE = Automatic;
				INFOPLIST_FILE = IDC/Info.plist;
				LD_RUNPATH_SEARCH_PATHS = (
					"$(inherited)",
					"@executable_path/Frameworks",
				);
				PRODUCT_BUNDLE_IDENTIFIER = com.IDC.IDC;
				PRODUCT_NAME = "$(TARGET_NAME)";
				SWIFT_VERSION = 5.0;
				TARGETED_DEVICE_FAMILY = "1,2";
			};
			name = Release;
		};
/* End XCBuildConfiguration section */

/* Begin XCConfigurationList section */
		6C7B6B99264ABA02002BB7A9 /* Build configuration list for PBXProject "IDC" */ = {
			isa = XCConfigurationList;
			buildConfigurations = (
				6C7B6BB0264ABA03002BB7A9 /* Debug */,
				6C7B6BB1264ABA03002BB7A9 /* Release */,
			);
			defaultConfigurationIsVisible = 0;
			defaultConfigurationName = Release;
		};
		6C7B6BB2264ABA03002BB7A9 /* Build configuration list for PBXNativeTarget "IDC" */ = {
			isa = XCConfigurationList;
			buildConfigurations = (
				6C7B6BB3264ABA03002BB7A9 /* Debug */,
				6C7B6BB4264ABA03002BB7A9 /* Release */,
			);
			defaultConfigurationIsVisible = 0;
			defaultConfigurationName = Release;
		};
/* End XCConfigurationList section */
	};
	rootObject = 6C7B6B96264ABA02002BB7A9 /* Project object */;
}
